// !$*UTF8*$!
{
	archiveVersion = 1;
	classes = {
	};
	objectVersion = 56;
	objects = {

/* Begin PBXBuildFile section */
		330226B92A89F3F60070514E /* Diary.swift in Sources */ = {isa = PBXBuildFile; fileRef = 330226B82A89F3F60070514E /* Diary.swift */; };
		330226BC2A89F4160070514E /* Profile.swift in Sources */ = {isa = PBXBuildFile; fileRef = 330226BB2A89F4160070514E /* Profile.swift */; };
		330226BE2A89FA290070514E /* AgeGroup.swift in Sources */ = {isa = PBXBuildFile; fileRef = 330226BD2A89FA290070514E /* AgeGroup.swift */; };
		330226C02A89FBB20070514E /* Job.swift in Sources */ = {isa = PBXBuildFile; fileRef = 330226BF2A89FBB20070514E /* Job.swift */; };
		330226C22A8A05300070514E /* Emotion.swift in Sources */ = {isa = PBXBuildFile; fileRef = 330226C12A8A05300070514E /* Emotion.swift */; };
		332144642A89C751008E1AFF /* AppDelegate.swift in Sources */ = {isa = PBXBuildFile; fileRef = 332144632A89C751008E1AFF /* AppDelegate.swift */; };
		332144662A89C751008E1AFF /* SceneDelegate.swift in Sources */ = {isa = PBXBuildFile; fileRef = 332144652A89C751008E1AFF /* SceneDelegate.swift */; };
		332144682A89C751008E1AFF /* ViewController.swift in Sources */ = {isa = PBXBuildFile; fileRef = 332144672A89C751008E1AFF /* ViewController.swift */; };
		3321446B2A89C751008E1AFF /* Main.storyboard in Resources */ = {isa = PBXBuildFile; fileRef = 332144692A89C751008E1AFF /* Main.storyboard */; };
		3321446D2A89C752008E1AFF /* Assets.xcassets in Resources */ = {isa = PBXBuildFile; fileRef = 3321446C2A89C752008E1AFF /* Assets.xcassets */; };
		332144702A89C752008E1AFF /* LaunchScreen.storyboard in Resources */ = {isa = PBXBuildFile; fileRef = 3321446E2A89C752008E1AFF /* LaunchScreen.storyboard */; };
		33B8DA5E2A8A211600D44B2C /* DataManager.swift in Sources */ = {isa = PBXBuildFile; fileRef = 33B8DA5D2A8A211600D44B2C /* DataManager.swift */; };
		9B8BF7922A8C76E5005C230F /* ProfilePage.storyboard in Resources */ = {isa = PBXBuildFile; fileRef = 9B8BF7912A8C76E5005C230F /* ProfilePage.storyboard */; };
		9B8BF7942A8C77C3005C230F /* ProfileViewController.swift in Sources */ = {isa = PBXBuildFile; fileRef = 9B8BF7932A8C77C3005C230F /* ProfileViewController.swift */; };
		9B8BF7982A8CBB20005C230F /* AgeGroupTableViewController.swift in Sources */ = {isa = PBXBuildFile; fileRef = 9B8BF7972A8CBB20005C230F /* AgeGroupTableViewController.swift */; };
		9B8BF79A2A8CBC2D005C230F /* EditProfileViewController.swift in Sources */ = {isa = PBXBuildFile; fileRef = 9B8BF7992A8CBC2D005C230F /* EditProfileViewController.swift */; };
		9B8BF79C2A8CC836005C230F /* AgeGroupTableViewCell.swift in Sources */ = {isa = PBXBuildFile; fileRef = 9B8BF79B2A8CC836005C230F /* AgeGroupTableViewCell.swift */; };
/* End PBXBuildFile section */

/* Begin PBXFileReference section */
		330226B82A89F3F60070514E /* Diary.swift */ = {isa = PBXFileReference; lastKnownFileType = sourcecode.swift; path = Diary.swift; sourceTree = "<group>"; };
		330226BB2A89F4160070514E /* Profile.swift */ = {isa = PBXFileReference; lastKnownFileType = sourcecode.swift; path = Profile.swift; sourceTree = "<group>"; };
		330226BD2A89FA290070514E /* AgeGroup.swift */ = {isa = PBXFileReference; lastKnownFileType = sourcecode.swift; path = AgeGroup.swift; sourceTree = "<group>"; };
		330226BF2A89FBB20070514E /* Job.swift */ = {isa = PBXFileReference; lastKnownFileType = sourcecode.swift; path = Job.swift; sourceTree = "<group>"; };
		330226C12A8A05300070514E /* Emotion.swift */ = {isa = PBXFileReference; lastKnownFileType = sourcecode.swift; path = Emotion.swift; sourceTree = "<group>"; };
		332144602A89C751008E1AFF /* DiaryApp.app */ = {isa = PBXFileReference; explicitFileType = wrapper.application; includeInIndex = 0; path = DiaryApp.app; sourceTree = BUILT_PRODUCTS_DIR; };
		332144632A89C751008E1AFF /* AppDelegate.swift */ = {isa = PBXFileReference; lastKnownFileType = sourcecode.swift; path = AppDelegate.swift; sourceTree = "<group>"; };
		332144652A89C751008E1AFF /* SceneDelegate.swift */ = {isa = PBXFileReference; lastKnownFileType = sourcecode.swift; path = SceneDelegate.swift; sourceTree = "<group>"; };
		332144672A89C751008E1AFF /* ViewController.swift */ = {isa = PBXFileReference; lastKnownFileType = sourcecode.swift; path = ViewController.swift; sourceTree = "<group>"; };
		3321446A2A89C751008E1AFF /* Base */ = {isa = PBXFileReference; lastKnownFileType = file.storyboard; name = Base; path = Base.lproj/Main.storyboard; sourceTree = "<group>"; };
		3321446C2A89C752008E1AFF /* Assets.xcassets */ = {isa = PBXFileReference; lastKnownFileType = folder.assetcatalog; path = Assets.xcassets; sourceTree = "<group>"; };
		3321446F2A89C752008E1AFF /* Base */ = {isa = PBXFileReference; lastKnownFileType = file.storyboard; name = Base; path = Base.lproj/LaunchScreen.storyboard; sourceTree = "<group>"; };
		332144712A89C752008E1AFF /* Info.plist */ = {isa = PBXFileReference; lastKnownFileType = text.plist.xml; path = Info.plist; sourceTree = "<group>"; };
		33B8DA5D2A8A211600D44B2C /* DataManager.swift */ = {isa = PBXFileReference; lastKnownFileType = sourcecode.swift; path = DataManager.swift; sourceTree = "<group>"; };
		9B8BF7912A8C76E5005C230F /* ProfilePage.storyboard */ = {isa = PBXFileReference; lastKnownFileType = file.storyboard; path = ProfilePage.storyboard; sourceTree = "<group>"; };
		9B8BF7932A8C77C3005C230F /* ProfileViewController.swift */ = {isa = PBXFileReference; lastKnownFileType = sourcecode.swift; path = ProfileViewController.swift; sourceTree = "<group>"; };
		9B8BF7972A8CBB20005C230F /* AgeGroupTableViewController.swift */ = {isa = PBXFileReference; lastKnownFileType = sourcecode.swift; path = AgeGroupTableViewController.swift; sourceTree = "<group>"; };
		9B8BF7992A8CBC2D005C230F /* EditProfileViewController.swift */ = {isa = PBXFileReference; lastKnownFileType = sourcecode.swift; path = EditProfileViewController.swift; sourceTree = "<group>"; };
		9B8BF79B2A8CC836005C230F /* AgeGroupTableViewCell.swift */ = {isa = PBXFileReference; lastKnownFileType = sourcecode.swift; path = AgeGroupTableViewCell.swift; sourceTree = "<group>"; };
/* End PBXFileReference section */

/* Begin PBXFrameworksBuildPhase section */
		3321445D2A89C751008E1AFF /* Frameworks */ = {
			isa = PBXFrameworksBuildPhase;
			buildActionMask = 2147483647;
			files = (
			);
			runOnlyForDeploymentPostprocessing = 0;
		};
/* End PBXFrameworksBuildPhase section */

/* Begin PBXGroup section */
		330226BA2A89F3F90070514E /* Models */ = {
			isa = PBXGroup;
			children = (
				330226BD2A89FA290070514E /* AgeGroup.swift */,
				330226B82A89F3F60070514E /* Diary.swift */,
				330226BF2A89FBB20070514E /* Job.swift */,
				330226BB2A89F4160070514E /* Profile.swift */,
				330226C12A8A05300070514E /* Emotion.swift */,
			);
			path = Models;
			sourceTree = "<group>";
		};
		332144572A89C751008E1AFF = {
			isa = PBXGroup;
			children = (
				332144622A89C751008E1AFF /* DiaryApp */,
				332144612A89C751008E1AFF /* Products */,
			);
			sourceTree = "<group>";
		};
		332144612A89C751008E1AFF /* Products */ = {
			isa = PBXGroup;
			children = (
				332144602A89C751008E1AFF /* DiaryApp.app */,
			);
			name = Products;
			sourceTree = "<group>";
		};
		332144622A89C751008E1AFF /* DiaryApp */ = {
			isa = PBXGroup;
			children = (
				9B8BF79D2A8CE219005C230F /* EditProfile */,
				332144632A89C751008E1AFF /* AppDelegate.swift */,
				332144652A89C751008E1AFF /* SceneDelegate.swift */,
				332144672A89C751008E1AFF /* ViewController.swift */,
				9B8BF7912A8C76E5005C230F /* ProfilePage.storyboard */,
				332144692A89C751008E1AFF /* Main.storyboard */,
				33B8DA5F2A8A211F00D44B2C /* Manager */,
				330226BA2A89F3F90070514E /* Models */,
				3321446C2A89C752008E1AFF /* Assets.xcassets */,
				3321446E2A89C752008E1AFF /* LaunchScreen.storyboard */,
				332144712A89C752008E1AFF /* Info.plist */,
			);
			path = DiaryApp;
			sourceTree = "<group>";
		};
		33B8DA5F2A8A211F00D44B2C /* Manager */ = {
			isa = PBXGroup;
			children = (
				33B8DA5D2A8A211600D44B2C /* DataManager.swift */,
			);
			path = Manager;
			sourceTree = "<group>";
		};
		9B8BF79D2A8CE219005C230F /* EditProfile */ = {
			isa = PBXGroup;
			children = (
				9B8BF7932A8C77C3005C230F /* ProfileViewController.swift */,
				9B8BF7992A8CBC2D005C230F /* EditProfileViewController.swift */,
				9B8BF79B2A8CC836005C230F /* AgeGroupTableViewCell.swift */,
				9B8BF7972A8CBB20005C230F /* AgeGroupTableViewController.swift */,
			);
			path = EditProfile;
			sourceTree = "<group>";
		};
/* End PBXGroup section */

/* Begin PBXNativeTarget section */
		3321445F2A89C751008E1AFF /* DiaryApp */ = {
			isa = PBXNativeTarget;
			buildConfigurationList = 332144742A89C752008E1AFF /* Build configuration list for PBXNativeTarget "DiaryApp" */;
			buildPhases = (
				3321445C2A89C751008E1AFF /* Sources */,
				3321445D2A89C751008E1AFF /* Frameworks */,
				3321445E2A89C751008E1AFF /* Resources */,
			);
			buildRules = (
			);
			dependencies = (
			);
			name = DiaryApp;
			productName = DiaryApp;
			productReference = 332144602A89C751008E1AFF /* DiaryApp.app */;
			productType = "com.apple.product-type.application";
		};
/* End PBXNativeTarget section */

/* Begin PBXProject section */
		332144582A89C751008E1AFF /* Project object */ = {
			isa = PBXProject;
			attributes = {
				BuildIndependentTargetsInParallel = 1;
				LastSwiftUpdateCheck = 1430;
				LastUpgradeCheck = 1430;
				TargetAttributes = {
					3321445F2A89C751008E1AFF = {
						CreatedOnToolsVersion = 14.3.1;
					};
				};
			};
			buildConfigurationList = 3321445B2A89C751008E1AFF /* Build configuration list for PBXProject "DiaryApp" */;
			compatibilityVersion = "Xcode 14.0";
			developmentRegion = en;
			hasScannedForEncodings = 0;
			knownRegions = (
				en,
				Base,
			);
			mainGroup = 332144572A89C751008E1AFF;
			productRefGroup = 332144612A89C751008E1AFF /* Products */;
			projectDirPath = "";
			projectRoot = "";
			targets = (
				3321445F2A89C751008E1AFF /* DiaryApp */,
			);
		};
/* End PBXProject section */

/* Begin PBXResourcesBuildPhase section */
		3321445E2A89C751008E1AFF /* Resources */ = {
			isa = PBXResourcesBuildPhase;
			buildActionMask = 2147483647;
			files = (
				332144702A89C752008E1AFF /* LaunchScreen.storyboard in Resources */,
				3321446D2A89C752008E1AFF /* Assets.xcassets in Resources */,
				3321446B2A89C751008E1AFF /* Main.storyboard in Resources */,
				9B8BF7922A8C76E5005C230F /* ProfilePage.storyboard in Resources */,
			);
			runOnlyForDeploymentPostprocessing = 0;
		};
/* End PBXResourcesBuildPhase section */

/* Begin PBXSourcesBuildPhase section */
		3321445C2A89C751008E1AFF /* Sources */ = {
			isa = PBXSourcesBuildPhase;
			buildActionMask = 2147483647;
			files = (
				332144682A89C751008E1AFF /* ViewController.swift in Sources */,
				330226BC2A89F4160070514E /* Profile.swift in Sources */,
				9B8BF7942A8C77C3005C230F /* ProfileViewController.swift in Sources */,
				332144642A89C751008E1AFF /* AppDelegate.swift in Sources */,
				330226C22A8A05300070514E /* Emotion.swift in Sources */,
				332144662A89C751008E1AFF /* SceneDelegate.swift in Sources */,
				9B8BF79A2A8CBC2D005C230F /* EditProfileViewController.swift in Sources */,
				9B8BF7982A8CBB20005C230F /* AgeGroupTableViewController.swift in Sources */,
				9B8BF79C2A8CC836005C230F /* AgeGroupTableViewCell.swift in Sources */,
				330226B92A89F3F60070514E /* Diary.swift in Sources */,
				330226C02A89FBB20070514E /* Job.swift in Sources */,
				33B8DA5E2A8A211600D44B2C /* DataManager.swift in Sources */,
				330226BE2A89FA290070514E /* AgeGroup.swift in Sources */,
			);
			runOnlyForDeploymentPostprocessing = 0;
		};
/* End PBXSourcesBuildPhase section */

/* Begin PBXVariantGroup section */
		332144692A89C751008E1AFF /* Main.storyboard */ = {
			isa = PBXVariantGroup;
			children = (
				3321446A2A89C751008E1AFF /* Base */,
			);
			name = Main.storyboard;
			sourceTree = "<group>";
		};
		3321446E2A89C752008E1AFF /* LaunchScreen.storyboard */ = {
			isa = PBXVariantGroup;
			children = (
				3321446F2A89C752008E1AFF /* Base */,
			);
			name = LaunchScreen.storyboard;
			sourceTree = "<group>";
		};
/* End PBXVariantGroup section */

/* Begin XCBuildConfiguration section */
		332144722A89C752008E1AFF /* Debug */ = {
			isa = XCBuildConfiguration;
			buildSettings = {
				ALWAYS_SEARCH_USER_PATHS = NO;
				CLANG_ANALYZER_NONNULL = YES;
				CLANG_ANALYZER_NUMBER_OBJECT_CONVERSION = YES_AGGRESSIVE;
				CLANG_CXX_LANGUAGE_STANDARD = "gnu++20";
				CLANG_ENABLE_MODULES = YES;
				CLANG_ENABLE_OBJC_ARC = YES;
				CLANG_ENABLE_OBJC_WEAK = YES;
				CLANG_WARN_BLOCK_CAPTURE_AUTORELEASING = YES;
				CLANG_WARN_BOOL_CONVERSION = YES;
				CLANG_WARN_COMMA = YES;
				CLANG_WARN_CONSTANT_CONVERSION = YES;
				CLANG_WARN_DEPRECATED_OBJC_IMPLEMENTATIONS = YES;
				CLANG_WARN_DIRECT_OBJC_ISA_USAGE = YES_ERROR;
				CLANG_WARN_DOCUMENTATION_COMMENTS = YES;
				CLANG_WARN_EMPTY_BODY = YES;
				CLANG_WARN_ENUM_CONVERSION = YES;
				CLANG_WARN_INFINITE_RECURSION = YES;
				CLANG_WARN_INT_CONVERSION = YES;
				CLANG_WARN_NON_LITERAL_NULL_CONVERSION = YES;
				CLANG_WARN_OBJC_IMPLICIT_RETAIN_SELF = YES;
				CLANG_WARN_OBJC_LITERAL_CONVERSION = YES;
				CLANG_WARN_OBJC_ROOT_CLASS = YES_ERROR;
				CLANG_WARN_QUOTED_INCLUDE_IN_FRAMEWORK_HEADER = YES;
				CLANG_WARN_RANGE_LOOP_ANALYSIS = YES;
				CLANG_WARN_STRICT_PROTOTYPES = YES;
				CLANG_WARN_SUSPICIOUS_MOVE = YES;
				CLANG_WARN_UNGUARDED_AVAILABILITY = YES_AGGRESSIVE;
				CLANG_WARN_UNREACHABLE_CODE = YES;
				CLANG_WARN__DUPLICATE_METHOD_MATCH = YES;
				COPY_PHASE_STRIP = NO;
				DEBUG_INFORMATION_FORMAT = dwarf;
				ENABLE_STRICT_OBJC_MSGSEND = YES;
				ENABLE_TESTABILITY = YES;
				GCC_C_LANGUAGE_STANDARD = gnu11;
				GCC_DYNAMIC_NO_PIC = NO;
				GCC_NO_COMMON_BLOCKS = YES;
				GCC_OPTIMIZATION_LEVEL = 0;
				GCC_PREPROCESSOR_DEFINITIONS = (
					"DEBUG=1",
					"$(inherited)",
				);
				GCC_WARN_64_TO_32_BIT_CONVERSION = YES;
				GCC_WARN_ABOUT_RETURN_TYPE = YES_ERROR;
				GCC_WARN_UNDECLARED_SELECTOR = YES;
				GCC_WARN_UNINITIALIZED_AUTOS = YES_AGGRESSIVE;
				GCC_WARN_UNUSED_FUNCTION = YES;
				GCC_WARN_UNUSED_VARIABLE = YES;
				IPHONEOS_DEPLOYMENT_TARGET = 16.4;
				MTL_ENABLE_DEBUG_INFO = INCLUDE_SOURCE;
				MTL_FAST_MATH = YES;
				ONLY_ACTIVE_ARCH = YES;
				SDKROOT = iphoneos;
				SWIFT_ACTIVE_COMPILATION_CONDITIONS = DEBUG;
				SWIFT_OPTIMIZATION_LEVEL = "-Onone";
			};
			name = Debug;
		};
		332144732A89C752008E1AFF /* Release */ = {
			isa = XCBuildConfiguration;
			buildSettings = {
				ALWAYS_SEARCH_USER_PATHS = NO;
				CLANG_ANALYZER_NONNULL = YES;
				CLANG_ANALYZER_NUMBER_OBJECT_CONVERSION = YES_AGGRESSIVE;
				CLANG_CXX_LANGUAGE_STANDARD = "gnu++20";
				CLANG_ENABLE_MODULES = YES;
				CLANG_ENABLE_OBJC_ARC = YES;
				CLANG_ENABLE_OBJC_WEAK = YES;
				CLANG_WARN_BLOCK_CAPTURE_AUTORELEASING = YES;
				CLANG_WARN_BOOL_CONVERSION = YES;
				CLANG_WARN_COMMA = YES;
				CLANG_WARN_CONSTANT_CONVERSION = YES;
				CLANG_WARN_DEPRECATED_OBJC_IMPLEMENTATIONS = YES;
				CLANG_WARN_DIRECT_OBJC_ISA_USAGE = YES_ERROR;
				CLANG_WARN_DOCUMENTATION_COMMENTS = YES;
				CLANG_WARN_EMPTY_BODY = YES;
				CLANG_WARN_ENUM_CONVERSION = YES;
				CLANG_WARN_INFINITE_RECURSION = YES;
				CLANG_WARN_INT_CONVERSION = YES;
				CLANG_WARN_NON_LITERAL_NULL_CONVERSION = YES;
				CLANG_WARN_OBJC_IMPLICIT_RETAIN_SELF = YES;
				CLANG_WARN_OBJC_LITERAL_CONVERSION = YES;
				CLANG_WARN_OBJC_ROOT_CLASS = YES_ERROR;
				CLANG_WARN_QUOTED_INCLUDE_IN_FRAMEWORK_HEADER = YES;
				CLANG_WARN_RANGE_LOOP_ANALYSIS = YES;
				CLANG_WARN_STRICT_PROTOTYPES = YES;
				CLANG_WARN_SUSPICIOUS_MOVE = YES;
				CLANG_WARN_UNGUARDED_AVAILABILITY = YES_AGGRESSIVE;
				CLANG_WARN_UNREACHABLE_CODE = YES;
				CLANG_WARN__DUPLICATE_METHOD_MATCH = YES;
				COPY_PHASE_STRIP = NO;
				DEBUG_INFORMATION_FORMAT = "dwarf-with-dsym";
				ENABLE_NS_ASSERTIONS = NO;
				ENABLE_STRICT_OBJC_MSGSEND = YES;
				GCC_C_LANGUAGE_STANDARD = gnu11;
				GCC_NO_COMMON_BLOCKS = YES;
				GCC_WARN_64_TO_32_BIT_CONVERSION = YES;
				GCC_WARN_ABOUT_RETURN_TYPE = YES_ERROR;
				GCC_WARN_UNDECLARED_SELECTOR = YES;
				GCC_WARN_UNINITIALIZED_AUTOS = YES_AGGRESSIVE;
				GCC_WARN_UNUSED_FUNCTION = YES;
				GCC_WARN_UNUSED_VARIABLE = YES;
				IPHONEOS_DEPLOYMENT_TARGET = 16.4;
				MTL_ENABLE_DEBUG_INFO = NO;
				MTL_FAST_MATH = YES;
				SDKROOT = iphoneos;
				SWIFT_COMPILATION_MODE = wholemodule;
				SWIFT_OPTIMIZATION_LEVEL = "-O";
				VALIDATE_PRODUCT = YES;
			};
			name = Release;
		};
		332144752A89C752008E1AFF /* Debug */ = {
			isa = XCBuildConfiguration;
			buildSettings = {
				ASSETCATALOG_COMPILER_APPICON_NAME = AppIcon;
				ASSETCATALOG_COMPILER_GLOBAL_ACCENT_COLOR_NAME = AccentColor;
				CODE_SIGN_STYLE = Automatic;
				CURRENT_PROJECT_VERSION = 1;
				DEVELOPMENT_TEAM = HJ943JVKX7;
				GENERATE_INFOPLIST_FILE = YES;
				INFOPLIST_FILE = DiaryApp/Info.plist;
				INFOPLIST_KEY_UIApplicationSupportsIndirectInputEvents = YES;
				INFOPLIST_KEY_UILaunchStoryboardName = LaunchScreen;
				INFOPLIST_KEY_UIMainStoryboardFile = Main;
				INFOPLIST_KEY_UISupportedInterfaceOrientations_iPad = "UIInterfaceOrientationPortrait UIInterfaceOrientationPortraitUpsideDown UIInterfaceOrientationLandscapeLeft UIInterfaceOrientationLandscapeRight";
				INFOPLIST_KEY_UISupportedInterfaceOrientations_iPhone = "UIInterfaceOrientationPortrait UIInterfaceOrientationLandscapeLeft UIInterfaceOrientationLandscapeRight";
				IPHONEOS_DEPLOYMENT_TARGET = 14.0;
				LD_RUNPATH_SEARCH_PATHS = (
					"$(inherited)",
					"@executable_path/Frameworks",
				);
				MARKETING_VERSION = 1.0;
				PRODUCT_BUNDLE_IDENTIFIER = "z-wook.DiaryApp";
				PRODUCT_NAME = "$(TARGET_NAME)";
				SUPPORTED_PLATFORMS = "iphoneos iphonesimulator";
				SUPPORTS_MACCATALYST = NO;
				SUPPORTS_MAC_DESIGNED_FOR_IPHONE_IPAD = NO;
				SWIFT_EMIT_LOC_STRINGS = YES;
				SWIFT_VERSION = 5.0;
				TARGETED_DEVICE_FAMILY = "1,2";
			};
			name = Debug;
		};
		332144762A89C752008E1AFF /* Release */ = {
			isa = XCBuildConfiguration;
			buildSettings = {
				ASSETCATALOG_COMPILER_APPICON_NAME = AppIcon;
				ASSETCATALOG_COMPILER_GLOBAL_ACCENT_COLOR_NAME = AccentColor;
				CODE_SIGN_STYLE = Automatic;
				CURRENT_PROJECT_VERSION = 1;
				DEVELOPMENT_TEAM = HJ943JVKX7;
				GENERATE_INFOPLIST_FILE = YES;
				INFOPLIST_FILE = DiaryApp/Info.plist;
				INFOPLIST_KEY_UIApplicationSupportsIndirectInputEvents = YES;
				INFOPLIST_KEY_UILaunchStoryboardName = LaunchScreen;
				INFOPLIST_KEY_UIMainStoryboardFile = Main;
				INFOPLIST_KEY_UISupportedInterfaceOrientations_iPad = "UIInterfaceOrientationPortrait UIInterfaceOrientationPortraitUpsideDown UIInterfaceOrientationLandscapeLeft UIInterfaceOrientationLandscapeRight";
				INFOPLIST_KEY_UISupportedInterfaceOrientations_iPhone = "UIInterfaceOrientationPortrait UIInterfaceOrientationLandscapeLeft UIInterfaceOrientationLandscapeRight";
				IPHONEOS_DEPLOYMENT_TARGET = 14.0;
				LD_RUNPATH_SEARCH_PATHS = (
					"$(inherited)",
					"@executable_path/Frameworks",
				);
				MARKETING_VERSION = 1.0;
				PRODUCT_BUNDLE_IDENTIFIER = "z-wook.DiaryApp";
				PRODUCT_NAME = "$(TARGET_NAME)";
				SUPPORTED_PLATFORMS = "iphoneos iphonesimulator";
				SUPPORTS_MACCATALYST = NO;
				SUPPORTS_MAC_DESIGNED_FOR_IPHONE_IPAD = NO;
				SWIFT_EMIT_LOC_STRINGS = YES;
				SWIFT_VERSION = 5.0;
				TARGETED_DEVICE_FAMILY = "1,2";
			};
			name = Release;
		};
/* End XCBuildConfiguration section */

/* Begin XCConfigurationList section */
		3321445B2A89C751008E1AFF /* Build configuration list for PBXProject "DiaryApp" */ = {
			isa = XCConfigurationList;
			buildConfigurations = (
				332144722A89C752008E1AFF /* Debug */,
				332144732A89C752008E1AFF /* Release */,
			);
			defaultConfigurationIsVisible = 0;
			defaultConfigurationName = Release;
		};
		332144742A89C752008E1AFF /* Build configuration list for PBXNativeTarget "DiaryApp" */ = {
			isa = XCConfigurationList;
			buildConfigurations = (
				332144752A89C752008E1AFF /* Debug */,
				332144762A89C752008E1AFF /* Release */,
			);
			defaultConfigurationIsVisible = 0;
			defaultConfigurationName = Release;
		};
/* End XCConfigurationList section */
	};
	rootObject = 332144582A89C751008E1AFF /* Project object */;
}
